
Microsoft Visual Studio Solution File, Format Version 12.00
# Visual Studio Version 17
VisualStudioVersion = 17.6.33801.468
MinimumVisualStudioVersion = 10.0.40219.1
Project("{FAE04EC0-301F-11D3-BF4B-00C04F79EFBC}") = "Zadaca02", "Zadaca02\Zadaca02.csproj", "{7F5FF970-6328-418E-8E13-B9988188488E}"
EndProject
Global
	GlobalSection(SolutionConfigurationPlatforms) = preSolution
		Debug|Any CPU = Debug|Any CPU
		Release|Any CPU = Release|Any CPU
	EndGlobalSection
	GlobalSection(ProjectConfigurationPlatforms) = postSolution
		{7F5FF970-6328-418E-8E13-B9988188488E}.Debug|Any CPU.ActiveCfg = Debug|Any CPU
		{7F5FF970-6328-418E-8E13-B9988188488E}.Debug|Any CPU.Build.0 = Debug|Any CPU
		{7F5FF970-6328-418E-8E13-B9988188488E}.Release|Any CPU.ActiveCfg = Release|Any CPU
		{7F5FF970-6328-418E-8E13-B9988188488E}.Release|Any CPU.Build.0 = Release|Any CPU
	EndGlobalSection
	GlobalSection(SolutionProperties) = preSolution
		HideSolutionNode = FALSE
	EndGlobalSection
	GlobalSection(ExtensibilityGlobals) = postSolution
		SolutionGuid = {6857E433-AAC1-4CD3-9EF0-591D195B8774}
	EndGlobalSection
EndGlobal
